
Microsoft Visual Studio Solution File, Format Version 12.00
# Visual Studio Version 16
VisualStudioVersion = 16.0.30621.155
MinimumVisualStudioVersion = 10.0.40219.1
Project("{9A19103F-16F7-4668-BE54-9A1E7A4F7556}") = "PersonalWebsite.Server", "PersonalWebsite\Server\PersonalWebsite.Server.csproj", "{50B61C1B-8B6F-4428-ADE0-6A3E1506D2E7}"
EndProject
Project("{9A19103F-16F7-4668-BE54-9A1E7A4F7556}") = "PersonalWebsite.Client", "PersonalWebsite\Client\PersonalWebsite.Client.csproj", "{9231910A-922E-4175-8D0E-81987DF49E26}"
EndProject
Project("{9A19103F-16F7-4668-BE54-9A1E7A4F7556}") = "PersonalWebsite.Shared", "PersonalWebsite\Shared\PersonalWebsite.Shared.csproj", "{E7A241A0-E8DF-4C1C-B1B7-693CB82B6FC2}"
EndProject
Global
	GlobalSection(SolutionConfigurationPlatforms) = preSolution
		Debug|Any CPU = Debug|Any CPU
		Release|Any CPU = Release|Any CPU
	EndGlobalSection
	GlobalSection(ProjectConfigurationPlatforms) = postSolution
		{50B61C1B-8B6F-4428-ADE0-6A3E1506D2E7}.Debug|Any CPU.ActiveCfg = Debug|Any CPU
		{50B61C1B-8B6F-4428-ADE0-6A3E1506D2E7}.Debug|Any CPU.Build.0 = Debug|Any CPU
		{50B61C1B-8B6F-4428-ADE0-6A3E1506D2E7}.Release|Any CPU.ActiveCfg = Release|Any CPU
		{50B61C1B-8B6F-4428-ADE0-6A3E1506D2E7}.Release|Any CPU.Build.0 = Release|Any CPU
		{9231910A-922E-4175-8D0E-81987DF49E26}.Debug|Any CPU.ActiveCfg = Debug|Any CPU
		{9231910A-922E-4175-8D0E-81987DF49E26}.Debug|Any CPU.Build.0 = Debug|Any CPU
		{9231910A-922E-4175-8D0E-81987DF49E26}.Release|Any CPU.ActiveCfg = Release|Any CPU
		{9231910A-922E-4175-8D0E-81987DF49E26}.Release|Any CPU.Build.0 = Release|Any CPU
		{E7A241A0-E8DF-4C1C-B1B7-693CB82B6FC2}.Debug|Any CPU.ActiveCfg = Debug|Any CPU
		{E7A241A0-E8DF-4C1C-B1B7-693CB82B6FC2}.Debug|Any CPU.Build.0 = Debug|Any CPU
		{E7A241A0-E8DF-4C1C-B1B7-693CB82B6FC2}.Release|Any CPU.ActiveCfg = Release|Any CPU
		{E7A241A0-E8DF-4C1C-B1B7-693CB82B6FC2}.Release|Any CPU.Build.0 = Release|Any CPU
	EndGlobalSection
	GlobalSection(SolutionProperties) = preSolution
		HideSolutionNode = FALSE
	EndGlobalSection
	GlobalSection(ExtensibilityGlobals) = postSolution
		SolutionGuid = {5A25E50A-A827-4B60-BA3F-A51E41EA08AF}
	EndGlobalSection
EndGlobal
